PODS:
  - Alamofire (4.8.1)
  - IQKeyboardManager (6.2.0)
  - RxAtomic (4.4.0)
  - RxCocoa (4.4.0):
    - RxSwift (~> 4.0)
  - RxSwift (4.4.0):
    - RxAtomic (~> 4.4)
  - SnapKit (4.2.0)
  - SVProgressHUD (2.2.5)
  - XSExtension (1.1.1)

DEPENDENCIES:
  - Alamofire
  - IQKeyboardManager
  - RxCocoa
  - RxSwift
  - SnapKit
  - SVProgressHUD
  - XSExtension

SPEC REPOS:
  https://github.com/cocoapods/specs.git:
    - Alamofire
    - IQKeyboardManager
    - RxAtomic
    - RxCocoa
    - RxSwift
    - SnapKit
    - SVProgressHUD
    - XSExtension

SPEC CHECKSUMS:
  Alamofire: 16ce2c353fb72865124ddae8a57c5942388f4f11
  IQKeyboardManager: 6194101620b73af5e67900b8f89707a99de0b804
  RxAtomic: eacf60db868c96bfd63320e28619fe29c179656f
  RxCocoa: df63ebf7b9a70d6b4eeea407ed5dd4efc8979749
  RxSwift: 5976ecd04fc2fefd648827c23de5e11157faa973
  SnapKit: fe8a619752f3f27075cc9a90244d75c6c3f27e2a
  SVProgressHUD: 1428aafac632c1f86f62aa4243ec12008d7a51d6
  XSExtension: c3ef2a591326bd7c14865e32527aa3143c543a8a

PODFILE CHECKSUM: 3dd4a49d70c1a5d6e98c1cc41880b3204e763c42

COCOAPODS: 1.5.3
