// !$*UTF8*$!
{
	archiveVersion = 1;
	classes = {
	};
	objectVersion = 50;
	objects = {

/* Begin PBXBuildFile section */
		449E2652DEB85386150503FC /* Pods_SFrameworkTests.framework in Frameworks */ = {isa = PBXBuildFile; fileRef = C055AB74CA2316B879AEC7FD /* Pods_SFrameworkTests.framework */; };
		9D758CB0221A799C007C88E1 /* .swiftlint.yml in Resources */ = {isa = PBXBuildFile; fileRef = 9D758CAF221A799C007C88E1 /* .swiftlint.yml */; };
		9DAFCD1C2226627B00B2F859 /* main.json in Resources */ = {isa = PBXBuildFile; fileRef = 9DAFCD1B2226627B00B2F859 /* main.json */; };
		9DAFCD232226633400B2F859 /* HomePageViewController.swift in Sources */ = {isa = PBXBuildFile; fileRef = 9DAFCD222226633400B2F859 /* HomePageViewController.swift */; };
		9DAFCD252226637400B2F859 /* MineViewController.swift in Sources */ = {isa = PBXBuildFile; fileRef = 9DAFCD242226637400B2F859 /* MineViewController.swift */; };
		9DAFCD272226643F00B2F859 /* NavViewController.swift in Sources */ = {isa = PBXBuildFile; fileRef = 9DAFCD262226643F00B2F859 /* NavViewController.swift */; };
		9DAFCD292226651100B2F859 /* MainViewController.swift in Sources */ = {isa = PBXBuildFile; fileRef = 9DAFCD282226651100B2F859 /* MainViewController.swift */; };
		9DB96B8822040D0E004D355F /* AppDelegate.swift in Sources */ = {isa = PBXBuildFile; fileRef = 9DB96B8722040D0E004D355F /* AppDelegate.swift */; };
		9DB96B8A22040D0E004D355F /* ViewController.swift in Sources */ = {isa = PBXBuildFile; fileRef = 9DB96B8922040D0E004D355F /* ViewController.swift */; };
		9DB96B8D22040D0E004D355F /* Main.storyboard in Resources */ = {isa = PBXBuildFile; fileRef = 9DB96B8B22040D0E004D355F /* Main.storyboard */; };
		9DB96B8F22040D10004D355F /* Assets.xcassets in Resources */ = {isa = PBXBuildFile; fileRef = 9DB96B8E22040D10004D355F /* Assets.xcassets */; };
		9DB96B9222040D10004D355F /* LaunchScreen.storyboard in Resources */ = {isa = PBXBuildFile; fileRef = 9DB96B9022040D10004D355F /* LaunchScreen.storyboard */; };
		9DB96B9D22040D10004D355F /* SFrameworkTests.swift in Sources */ = {isa = PBXBuildFile; fileRef = 9DB96B9C22040D10004D355F /* SFrameworkTests.swift */; };
		9DB96BA822040D10004D355F /* SFrameworkUITests.swift in Sources */ = {isa = PBXBuildFile; fileRef = 9DB96BA722040D10004D355F /* SFrameworkUITests.swift */; };
		9DB96C4722040EF4004D355F /* XSBase.framework in Frameworks */ = {isa = PBXBuildFile; fileRef = 9DB96C4622040EF4004D355F /* XSBase.framework */; };
		9DB96C4922040EF4004D355F /* XSCore.framework in Frameworks */ = {isa = PBXBuildFile; fileRef = 9DB96C4822040EF4004D355F /* XSCore.framework */; };
		9DB96C4B22040EF4004D355F /* XSService.framework in Frameworks */ = {isa = PBXBuildFile; fileRef = 9DB96C4A22040EF4004D355F /* XSService.framework */; };
		DAD6B9B5B0A22452C99151F4 /* Pods_SFrameworkUITests.framework in Frameworks */ = {isa = PBXBuildFile; fileRef = C56B6EE719252F3C22304F22 /* Pods_SFrameworkUITests.framework */; };
		F40158E370E78EA8DA7757D3 /* Pods_SFramework.framework in Frameworks */ = {isa = PBXBuildFile; fileRef = EDDF21D1422F5362D7E94B91 /* Pods_SFramework.framework */; };
/* End PBXBuildFile section */

/* Begin PBXContainerItemProxy section */
		9DB96B9922040D10004D355F /* PBXContainerItemProxy */ = {
			isa = PBXContainerItemProxy;
			containerPortal = 9DB96B7C22040D0E004D355F /* Project object */;
			proxyType = 1;
			remoteGlobalIDString = 9DB96B8322040D0E004D355F;
			remoteInfo = SFramework;
		};
		9DB96BA422040D10004D355F /* PBXContainerItemProxy */ = {
			isa = PBXContainerItemProxy;
			containerPortal = 9DB96B7C22040D0E004D355F /* Project object */;
			proxyType = 1;
			remoteGlobalIDString = 9DB96B8322040D0E004D355F;
			remoteInfo = SFramework;
		};
/* End PBXContainerItemProxy section */

/* Begin PBXFileReference section */
		008DF80A74FEB4C6698433AB /* Pods-SFrameworkUITests.debug.xcconfig */ = {isa = PBXFileReference; includeInIndex = 1; lastKnownFileType = text.xcconfig; name = "Pods-SFrameworkUITests.debug.xcconfig"; path = "Pods/Target Support Files/Pods-SFrameworkUITests/Pods-SFrameworkUITests.debug.xcconfig"; sourceTree = "<group>"; };
		9D758CAF221A799C007C88E1 /* .swiftlint.yml */ = {isa = PBXFileReference; lastKnownFileType = text; path = .swiftlint.yml; sourceTree = "<group>"; };
		9DAFCD1B2226627B00B2F859 /* main.json */ = {isa = PBXFileReference; fileEncoding = 4; lastKnownFileType = text.json; path = main.json; sourceTree = "<group>"; };
		9DAFCD222226633400B2F859 /* HomePageViewController.swift */ = {isa = PBXFileReference; lastKnownFileType = sourcecode.swift; path = HomePageViewController.swift; sourceTree = "<group>"; };
		9DAFCD242226637400B2F859 /* MineViewController.swift */ = {isa = PBXFileReference; lastKnownFileType = sourcecode.swift; path = MineViewController.swift; sourceTree = "<group>"; };
		9DAFCD262226643F00B2F859 /* NavViewController.swift */ = {isa = PBXFileReference; lastKnownFileType = sourcecode.swift; path = NavViewController.swift; sourceTree = "<group>"; };
		9DAFCD282226651100B2F859 /* MainViewController.swift */ = {isa = PBXFileReference; lastKnownFileType = sourcecode.swift; path = MainViewController.swift; sourceTree = "<group>"; };
		9DB96B8422040D0E004D355F /* SFramework.app */ = {isa = PBXFileReference; explicitFileType = wrapper.application; includeInIndex = 0; path = SFramework.app; sourceTree = BUILT_PRODUCTS_DIR; };
		9DB96B8722040D0E004D355F /* AppDelegate.swift */ = {isa = PBXFileReference; lastKnownFileType = sourcecode.swift; path = AppDelegate.swift; sourceTree = "<group>"; };
		9DB96B8922040D0E004D355F /* ViewController.swift */ = {isa = PBXFileReference; lastKnownFileType = sourcecode.swift; path = ViewController.swift; sourceTree = "<group>"; };
		9DB96B8C22040D0E004D355F /* Base */ = {isa = PBXFileReference; lastKnownFileType = file.storyboard; name = Base; path = Base.lproj/Main.storyboard; sourceTree = "<group>"; };
		9DB96B8E22040D10004D355F /* Assets.xcassets */ = {isa = PBXFileReference; lastKnownFileType = folder.assetcatalog; path = Assets.xcassets; sourceTree = "<group>"; };
		9DB96B9122040D10004D355F /* Base */ = {isa = PBXFileReference; lastKnownFileType = file.storyboard; name = Base; path = Base.lproj/LaunchScreen.storyboard; sourceTree = "<group>"; };
		9DB96B9322040D10004D355F /* Info.plist */ = {isa = PBXFileReference; lastKnownFileType = text.plist.xml; path = Info.plist; sourceTree = "<group>"; };
		9DB96B9822040D10004D355F /* SFrameworkTests.xctest */ = {isa = PBXFileReference; explicitFileType = wrapper.cfbundle; includeInIndex = 0; path = SFrameworkTests.xctest; sourceTree = BUILT_PRODUCTS_DIR; };
		9DB96B9C22040D10004D355F /* SFrameworkTests.swift */ = {isa = PBXFileReference; lastKnownFileType = sourcecode.swift; path = SFrameworkTests.swift; sourceTree = "<group>"; };
		9DB96B9E22040D10004D355F /* Info.plist */ = {isa = PBXFileReference; lastKnownFileType = text.plist.xml; path = Info.plist; sourceTree = "<group>"; };
		9DB96BA322040D10004D355F /* SFrameworkUITests.xctest */ = {isa = PBXFileReference; explicitFileType = wrapper.cfbundle; includeInIndex = 0; path = SFrameworkUITests.xctest; sourceTree = BUILT_PRODUCTS_DIR; };
		9DB96BA722040D10004D355F /* SFrameworkUITests.swift */ = {isa = PBXFileReference; lastKnownFileType = sourcecode.swift; path = SFrameworkUITests.swift; sourceTree = "<group>"; };
		9DB96BA922040D10004D355F /* Info.plist */ = {isa = PBXFileReference; lastKnownFileType = text.plist.xml; path = Info.plist; sourceTree = "<group>"; };
		9DB96C4622040EF4004D355F /* XSBase.framework */ = {isa = PBXFileReference; explicitFileType = wrapper.framework; path = XSBase.framework; sourceTree = BUILT_PRODUCTS_DIR; };
		9DB96C4822040EF4004D355F /* XSCore.framework */ = {isa = PBXFileReference; explicitFileType = wrapper.framework; path = XSCore.framework; sourceTree = BUILT_PRODUCTS_DIR; };
		9DB96C4A22040EF4004D355F /* XSService.framework */ = {isa = PBXFileReference; explicitFileType = wrapper.framework; path = XSService.framework; sourceTree = BUILT_PRODUCTS_DIR; };
		BFD9BE3F859B4B780985CC6D /* Pods-SFrameworkTests.debug.xcconfig */ = {isa = PBXFileReference; includeInIndex = 1; lastKnownFileType = text.xcconfig; name = "Pods-SFrameworkTests.debug.xcconfig"; path = "Pods/Target Support Files/Pods-SFrameworkTests/Pods-SFrameworkTests.debug.xcconfig"; sourceTree = "<group>"; };
		C055AB74CA2316B879AEC7FD /* Pods_SFrameworkTests.framework */ = {isa = PBXFileReference; explicitFileType = wrapper.framework; includeInIndex = 0; path = Pods_SFrameworkTests.framework; sourceTree = BUILT_PRODUCTS_DIR; };
		C4B917155BCA0DEDA308DC45 /* Pods-SFramework.release.xcconfig */ = {isa = PBXFileReference; includeInIndex = 1; lastKnownFileType = text.xcconfig; name = "Pods-SFramework.release.xcconfig"; path = "Pods/Target Support Files/Pods-SFramework/Pods-SFramework.release.xcconfig"; sourceTree = "<group>"; };
		C56B6EE719252F3C22304F22 /* Pods_SFrameworkUITests.framework */ = {isa = PBXFileReference; explicitFileType = wrapper.framework; includeInIndex = 0; path = Pods_SFrameworkUITests.framework; sourceTree = BUILT_PRODUCTS_DIR; };
		DB477E1ABB6D505720D07B30 /* Pods-SFrameworkTests.release.xcconfig */ = {isa = PBXFileReference; includeInIndex = 1; lastKnownFileType = text.xcconfig; name = "Pods-SFrameworkTests.release.xcconfig"; path = "Pods/Target Support Files/Pods-SFrameworkTests/Pods-SFrameworkTests.release.xcconfig"; sourceTree = "<group>"; };
		E8123067F7193B4E74382356 /* Pods-SFramework.debug.xcconfig */ = {isa = PBXFileReference; includeInIndex = 1; lastKnownFileType = text.xcconfig; name = "Pods-SFramework.debug.xcconfig"; path = "Pods/Target Support Files/Pods-SFramework/Pods-SFramework.debug.xcconfig"; sourceTree = "<group>"; };
		E96558C63C0E2CAF50699F3E /* Pods-SFrameworkUITests.release.xcconfig */ = {isa = PBXFileReference; includeInIndex = 1; lastKnownFileType = text.xcconfig; name = "Pods-SFrameworkUITests.release.xcconfig"; path = "Pods/Target Support Files/Pods-SFrameworkUITests/Pods-SFrameworkUITests.release.xcconfig"; sourceTree = "<group>"; };
		EDDF21D1422F5362D7E94B91 /* Pods_SFramework.framework */ = {isa = PBXFileReference; explicitFileType = wrapper.framework; includeInIndex = 0; path = Pods_SFramework.framework; sourceTree = BUILT_PRODUCTS_DIR; };
/* End PBXFileReference section */

/* Begin PBXFrameworksBuildPhase section */
		9DB96B8122040D0E004D355F /* Frameworks */ = {
			isa = PBXFrameworksBuildPhase;
			buildActionMask = 2147483647;
			files = (
				9DB96C4722040EF4004D355F /* XSBase.framework in Frameworks */,
				9DB96C4922040EF4004D355F /* XSCore.framework in Frameworks */,
				9DB96C4B22040EF4004D355F /* XSService.framework in Frameworks */,
				F40158E370E78EA8DA7757D3 /* Pods_SFramework.framework in Frameworks */,
			);
			runOnlyForDeploymentPostprocessing = 0;
		};
		9DB96B9522040D10004D355F /* Frameworks */ = {
			isa = PBXFrameworksBuildPhase;
			buildActionMask = 2147483647;
			files = (
				449E2652DEB85386150503FC /* Pods_SFrameworkTests.framework in Frameworks */,
			);
			runOnlyForDeploymentPostprocessing = 0;
		};
		9DB96BA022040D10004D355F /* Frameworks */ = {
			isa = PBXFrameworksBuildPhase;
			buildActionMask = 2147483647;
			files = (
				DAD6B9B5B0A22452C99151F4 /* Pods_SFrameworkUITests.framework in Frameworks */,
			);
			runOnlyForDeploymentPostprocessing = 0;
		};
/* End PBXFrameworksBuildPhase section */

/* Begin PBXGroup section */
		9DAFCD182226623700B2F859 /* Main */ = {
			isa = PBXGroup;
			children = (
				9DAFCD1B2226627B00B2F859 /* main.json */,
				9DAFCD262226643F00B2F859 /* NavViewController.swift */,
				9DAFCD282226651100B2F859 /* MainViewController.swift */,
			);
			path = Main;
			sourceTree = "<group>";
		};
		9DAFCD1D2226628B00B2F859 /* Modules */ = {
			isa = PBXGroup;
			children = (
				9DAFCD212226631C00B2F859 /* Mine */,
				9DAFCD20222662F200B2F859 /* Business */,
				9DAFCD1F222662EB00B2F859 /* User */,
				9DAFCD1E222662D300B2F859 /* HomePage */,
				9DAFCD182226623700B2F859 /* Main */,
			);
			path = Modules;
			sourceTree = "<group>";
		};
		9DAFCD1E222662D300B2F859 /* HomePage */ = {
			isa = PBXGroup;
			children = (
				9DAFCD222226633400B2F859 /* HomePageViewController.swift */,
			);
			path = HomePage;
			sourceTree = "<group>";
		};
		9DAFCD1F222662EB00B2F859 /* User */ = {
			isa = PBXGroup;
			children = (
			);
			path = User;
			sourceTree = "<group>";
		};
		9DAFCD20222662F200B2F859 /* Business */ = {
			isa = PBXGroup;
			children = (
			);
			path = Business;
			sourceTree = "<group>";
		};
		9DAFCD212226631C00B2F859 /* Mine */ = {
			isa = PBXGroup;
			children = (
				9DAFCD242226637400B2F859 /* MineViewController.swift */,
			);
			path = Mine;
			sourceTree = "<group>";
		};
		9DB96B7B22040D0E004D355F = {
			isa = PBXGroup;
			children = (
				9D758CAF221A799C007C88E1 /* .swiftlint.yml */,
				9DB96B8622040D0E004D355F /* SFramework */,
				9DB96B9B22040D10004D355F /* SFrameworkTests */,
				9DB96BA622040D10004D355F /* SFrameworkUITests */,
				9DB96B8522040D0E004D355F /* Products */,
				9DB96C4522040EF4004D355F /* Frameworks */,
				C65EFABDF9EC116A8CD11D48 /* Pods */,
			);
			sourceTree = "<group>";
		};
		9DB96B8522040D0E004D355F /* Products */ = {
			isa = PBXGroup;
			children = (
				9DB96B8422040D0E004D355F /* SFramework.app */,
				9DB96B9822040D10004D355F /* SFrameworkTests.xctest */,
				9DB96BA322040D10004D355F /* SFrameworkUITests.xctest */,
			);
			name = Products;
			sourceTree = "<group>";
		};
		9DB96B8622040D0E004D355F /* SFramework */ = {
			isa = PBXGroup;
			children = (
				9DAFCD1D2226628B00B2F859 /* Modules */,
				9DB96B8722040D0E004D355F /* AppDelegate.swift */,
				9DB96B8922040D0E004D355F /* ViewController.swift */,
				9DB96B8B22040D0E004D355F /* Main.storyboard */,
				9DB96B8E22040D10004D355F /* Assets.xcassets */,
				9DB96B9022040D10004D355F /* LaunchScreen.storyboard */,
				9DB96B9322040D10004D355F /* Info.plist */,
			);
			path = SFramework;
			sourceTree = "<group>";
		};
		9DB96B9B22040D10004D355F /* SFrameworkTests */ = {
			isa = PBXGroup;
			children = (
				9DB96B9C22040D10004D355F /* SFrameworkTests.swift */,
				9DB96B9E22040D10004D355F /* Info.plist */,
			);
			path = SFrameworkTests;
			sourceTree = "<group>";
		};
		9DB96BA622040D10004D355F /* SFrameworkUITests */ = {
			isa = PBXGroup;
			children = (
				9DB96BA722040D10004D355F /* SFrameworkUITests.swift */,
				9DB96BA922040D10004D355F /* Info.plist */,
			);
			path = SFrameworkUITests;
			sourceTree = "<group>";
		};
		9DB96C4522040EF4004D355F /* Frameworks */ = {
			isa = PBXGroup;
			children = (
				9DB96C4622040EF4004D355F /* XSBase.framework */,
				9DB96C4822040EF4004D355F /* XSCore.framework */,
				9DB96C4A22040EF4004D355F /* XSService.framework */,
				EDDF21D1422F5362D7E94B91 /* Pods_SFramework.framework */,
				C055AB74CA2316B879AEC7FD /* Pods_SFrameworkTests.framework */,
				C56B6EE719252F3C22304F22 /* Pods_SFrameworkUITests.framework */,
			);
			name = Frameworks;
			sourceTree = "<group>";
		};
		C65EFABDF9EC116A8CD11D48 /* Pods */ = {
			isa = PBXGroup;
			children = (
				E8123067F7193B4E74382356 /* Pods-SFramework.debug.xcconfig */,
				C4B917155BCA0DEDA308DC45 /* Pods-SFramework.release.xcconfig */,
				BFD9BE3F859B4B780985CC6D /* Pods-SFrameworkTests.debug.xcconfig */,
				DB477E1ABB6D505720D07B30 /* Pods-SFrameworkTests.release.xcconfig */,
				008DF80A74FEB4C6698433AB /* Pods-SFrameworkUITests.debug.xcconfig */,
				E96558C63C0E2CAF50699F3E /* Pods-SFrameworkUITests.release.xcconfig */,
			);
			name = Pods;
			sourceTree = "<group>";
		};
/* End PBXGroup section */

/* Begin PBXNativeTarget section */
		9DB96B8322040D0E004D355F /* SFramework */ = {
			isa = PBXNativeTarget;
			buildConfigurationList = 9DB96BAC22040D10004D355F /* Build configuration list for PBXNativeTarget "SFramework" */;
			buildPhases = (
				ECE4E92C17F465F57879B15C /* [CP] Check Pods Manifest.lock */,
				9DB96B8022040D0E004D355F /* Sources */,
				9DB96B8122040D0E004D355F /* Frameworks */,
				9DB96B8222040D0E004D355F /* Resources */,
				07409B84D6F97CE6EFA6E003 /* [CP] Embed Pods Frameworks */,
				9D758CAE221A7894007C88E1 /* SwiftLint */,
			);
			buildRules = (
			);
			dependencies = (
			);
			name = SFramework;
			productName = SFramework;
			productReference = 9DB96B8422040D0E004D355F /* SFramework.app */;
			productType = "com.apple.product-type.application";
		};
		9DB96B9722040D10004D355F /* SFrameworkTests */ = {
			isa = PBXNativeTarget;
			buildConfigurationList = 9DB96BAF22040D10004D355F /* Build configuration list for PBXNativeTarget "SFrameworkTests" */;
			buildPhases = (
				3E9B5F5C4C8A8F0E821D7EB9 /* [CP] Check Pods Manifest.lock */,
				9DB96B9422040D10004D355F /* Sources */,
				9DB96B9522040D10004D355F /* Frameworks */,
				9DB96B9622040D10004D355F /* Resources */,
			);
			buildRules = (
			);
			dependencies = (
				9DB96B9A22040D10004D355F /* PBXTargetDependency */,
			);
			name = SFrameworkTests;
			productName = SFrameworkTests;
			productReference = 9DB96B9822040D10004D355F /* SFrameworkTests.xctest */;
			productType = "com.apple.product-type.bundle.unit-test";
		};
		9DB96BA222040D10004D355F /* SFrameworkUITests */ = {
			isa = PBXNativeTarget;
			buildConfigurationList = 9DB96BB222040D10004D355F /* Build configuration list for PBXNativeTarget "SFrameworkUITests" */;
			buildPhases = (
				67373FB45FC5E2E36E3A0054 /* [CP] Check Pods Manifest.lock */,
				9DB96B9F22040D10004D355F /* Sources */,
				9DB96BA022040D10004D355F /* Frameworks */,
				9DB96BA122040D10004D355F /* Resources */,
			);
			buildRules = (
			);
			dependencies = (
				9DB96BA522040D10004D355F /* PBXTargetDependency */,
			);
			name = SFrameworkUITests;
			productName = SFrameworkUITests;
			productReference = 9DB96BA322040D10004D355F /* SFrameworkUITests.xctest */;
			productType = "com.apple.product-type.bundle.ui-testing";
		};
/* End PBXNativeTarget section */

/* Begin PBXProject section */
		9DB96B7C22040D0E004D355F /* Project object */ = {
			isa = PBXProject;
			attributes = {
				LastSwiftUpdateCheck = 1010;
				LastUpgradeCheck = 1010;
				ORGANIZATIONNAME = hxs;
				TargetAttributes = {
					9DB96B8322040D0E004D355F = {
						CreatedOnToolsVersion = 10.1;
					};
					9DB96B9722040D10004D355F = {
						CreatedOnToolsVersion = 10.1;
						TestTargetID = 9DB96B8322040D0E004D355F;
					};
					9DB96BA222040D10004D355F = {
						CreatedOnToolsVersion = 10.1;
						TestTargetID = 9DB96B8322040D0E004D355F;
					};
				};
			};
			buildConfigurationList = 9DB96B7F22040D0E004D355F /* Build configuration list for PBXProject "SFramework" */;
			compatibilityVersion = "Xcode 9.3";
			developmentRegion = en;
			hasScannedForEncodings = 0;
			knownRegions = (
				en,
				Base,
			);
			mainGroup = 9DB96B7B22040D0E004D355F;
			productRefGroup = 9DB96B8522040D0E004D355F /* Products */;
			projectDirPath = "";
			projectRoot = "";
			targets = (
				9DB96B8322040D0E004D355F /* SFramework */,
				9DB96B9722040D10004D355F /* SFrameworkTests */,
				9DB96BA222040D10004D355F /* SFrameworkUITests */,
			);
		};
/* End PBXProject section */

/* Begin PBXResourcesBuildPhase section */
		9DB96B8222040D0E004D355F /* Resources */ = {
			isa = PBXResourcesBuildPhase;
			buildActionMask = 2147483647;
			files = (
				9DAFCD1C2226627B00B2F859 /* main.json in Resources */,
				9D758CB0221A799C007C88E1 /* .swiftlint.yml in Resources */,
				9DB96B9222040D10004D355F /* LaunchScreen.storyboard in Resources */,
				9DB96B8F22040D10004D355F /* Assets.xcassets in Resources */,
				9DB96B8D22040D0E004D355F /* Main.storyboard in Resources */,
			);
			runOnlyForDeploymentPostprocessing = 0;
		};
		9DB96B9622040D10004D355F /* Resources */ = {
			isa = PBXResourcesBuildPhase;
			buildActionMask = 2147483647;
			files = (
			);
			runOnlyForDeploymentPostprocessing = 0;
		};
		9DB96BA122040D10004D355F /* Resources */ = {
			isa = PBXResourcesBuildPhase;
			buildActionMask = 2147483647;
			files = (
			);
			runOnlyForDeploymentPostprocessing = 0;
		};
/* End PBXResourcesBuildPhase section */

/* Begin PBXShellScriptBuildPhase section */
		07409B84D6F97CE6EFA6E003 /* [CP] Embed Pods Frameworks */ = {
			isa = PBXShellScriptBuildPhase;
			buildActionMask = 2147483647;
			files = (
			);
			inputFileListPaths = (
			);
			inputPaths = (
				"${SRCROOT}/Pods/Target Support Files/Pods-SFramework/Pods-SFramework-frameworks.sh",
				"${BUILT_PRODUCTS_DIR}/Alamofire/Alamofire.framework",
				"${BUILT_PRODUCTS_DIR}/IQKeyboardManager/IQKeyboardManager.framework",
				"${BUILT_PRODUCTS_DIR}/RxAtomic/RxAtomic.framework",
				"${BUILT_PRODUCTS_DIR}/RxCocoa/RxCocoa.framework",
				"${BUILT_PRODUCTS_DIR}/RxSwift/RxSwift.framework",
				"${BUILT_PRODUCTS_DIR}/SDWebImage/SDWebImage.framework",
				"${BUILT_PRODUCTS_DIR}/SVProgressHUD/SVProgressHUD.framework",
				"${BUILT_PRODUCTS_DIR}/SnapKit/SnapKit.framework",
				"${BUILT_PRODUCTS_DIR}/XSExtension/XSExtension.framework",
			);
			name = "[CP] Embed Pods Frameworks";
			outputFileListPaths = (
			);
			outputPaths = (
				"${TARGET_BUILD_DIR}/${FRAMEWORKS_FOLDER_PATH}/Alamofire.framework",
				"${TARGET_BUILD_DIR}/${FRAMEWORKS_FOLDER_PATH}/IQKeyboardManager.framework",
				"${TARGET_BUILD_DIR}/${FRAMEWORKS_FOLDER_PATH}/RxAtomic.framework",
				"${TARGET_BUILD_DIR}/${FRAMEWORKS_FOLDER_PATH}/RxCocoa.framework",
				"${TARGET_BUILD_DIR}/${FRAMEWORKS_FOLDER_PATH}/RxSwift.framework",
				"${TARGET_BUILD_DIR}/${FRAMEWORKS_FOLDER_PATH}/SDWebImage.framework",
				"${TARGET_BUILD_DIR}/${FRAMEWORKS_FOLDER_PATH}/SVProgressHUD.framework",
				"${TARGET_BUILD_DIR}/${FRAMEWORKS_FOLDER_PATH}/SnapKit.framework",
				"${TARGET_BUILD_DIR}/${FRAMEWORKS_FOLDER_PATH}/XSExtension.framework",
			);
			runOnlyForDeploymentPostprocessing = 0;
			shellPath = /bin/sh;
			shellScript = "\"${SRCROOT}/Pods/Target Support Files/Pods-SFramework/Pods-SFramework-frameworks.sh\"\n";
			showEnvVarsInLog = 0;
		};
		3E9B5F5C4C8A8F0E821D7EB9 /* [CP] Check Pods Manifest.lock */ = {
			isa = PBXShellScriptBuildPhase;
			buildActionMask = 2147483647;
			files = (
			);
			inputFileListPaths = (
			);
			inputPaths = (
				"${PODS_PODFILE_DIR_PATH}/Podfile.lock",
				"${PODS_ROOT}/Manifest.lock",
			);
			name = "[CP] Check Pods Manifest.lock";
			outputFileListPaths = (
			);
			outputPaths = (
				"$(DERIVED_FILE_DIR)/Pods-SFrameworkTests-checkManifestLockResult.txt",
			);
			runOnlyForDeploymentPostprocessing = 0;
			shellPath = /bin/sh;
			shellScript = "diff \"${PODS_PODFILE_DIR_PATH}/Podfile.lock\" \"${PODS_ROOT}/Manifest.lock\" > /dev/null\nif [ $? != 0 ] ; then\n    # print error to STDERR\n    echo \"error: The sandbox is not in sync with the Podfile.lock. Run 'pod install' or update your CocoaPods installation.\" >&2\n    exit 1\nfi\n# This output is used by Xcode 'outputs' to avoid re-running this script phase.\necho \"SUCCESS\" > \"${SCRIPT_OUTPUT_FILE_0}\"\n";
			showEnvVarsInLog = 0;
		};
		67373FB45FC5E2E36E3A0054 /* [CP] Check Pods Manifest.lock */ = {
			isa = PBXShellScriptBuildPhase;
			buildActionMask = 2147483647;
			files = (
			);
			inputFileListPaths = (
			);
			inputPaths = (
				"${PODS_PODFILE_DIR_PATH}/Podfile.lock",
				"${PODS_ROOT}/Manifest.lock",
			);
			name = "[CP] Check Pods Manifest.lock";
			outputFileListPaths = (
			);
			outputPaths = (
				"$(DERIVED_FILE_DIR)/Pods-SFrameworkUITests-checkManifestLockResult.txt",
			);
			runOnlyForDeploymentPostprocessing = 0;
			shellPath = /bin/sh;
			shellScript = "diff \"${PODS_PODFILE_DIR_PATH}/Podfile.lock\" \"${PODS_ROOT}/Manifest.lock\" > /dev/null\nif [ $? != 0 ] ; then\n    # print error to STDERR\n    echo \"error: The sandbox is not in sync with the Podfile.lock. Run 'pod install' or update your CocoaPods installation.\" >&2\n    exit 1\nfi\n# This output is used by Xcode 'outputs' to avoid re-running this script phase.\necho \"SUCCESS\" > \"${SCRIPT_OUTPUT_FILE_0}\"\n";
			showEnvVarsInLog = 0;
		};
		9D758CAE221A7894007C88E1 /* SwiftLint */ = {
			isa = PBXShellScriptBuildPhase;
			buildActionMask = 2147483647;
			files = (
			);
			inputFileListPaths = (
			);
			inputPaths = (
			);
			name = SwiftLint;
			outputFileListPaths = (
			);
			outputPaths = (
			);
			runOnlyForDeploymentPostprocessing = 0;
			shellPath = /bin/sh;
			shellScript = "if which swiftlint >/dev/null; then\nswiftlint\nelse\necho \"warning: SwiftLint not installed, download from https://github.com/realm/SwiftLint\"\nfi\n";
		};
		ECE4E92C17F465F57879B15C /* [CP] Check Pods Manifest.lock */ = {
			isa = PBXShellScriptBuildPhase;
			buildActionMask = 2147483647;
			files = (
			);
			inputFileListPaths = (
			);
			inputPaths = (
				"${PODS_PODFILE_DIR_PATH}/Podfile.lock",
				"${PODS_ROOT}/Manifest.lock",
			);
			name = "[CP] Check Pods Manifest.lock";
			outputFileListPaths = (
			);
			outputPaths = (
				"$(DERIVED_FILE_DIR)/Pods-SFramework-checkManifestLockResult.txt",
			);
			runOnlyForDeploymentPostprocessing = 0;
			shellPath = /bin/sh;
			shellScript = "diff \"${PODS_PODFILE_DIR_PATH}/Podfile.lock\" \"${PODS_ROOT}/Manifest.lock\" > /dev/null\nif [ $? != 0 ] ; then\n    # print error to STDERR\n    echo \"error: The sandbox is not in sync with the Podfile.lock. Run 'pod install' or update your CocoaPods installation.\" >&2\n    exit 1\nfi\n# This output is used by Xcode 'outputs' to avoid re-running this script phase.\necho \"SUCCESS\" > \"${SCRIPT_OUTPUT_FILE_0}\"\n";
			showEnvVarsInLog = 0;
		};
/* End PBXShellScriptBuildPhase section */

/* Begin PBXSourcesBuildPhase section */
		9DB96B8022040D0E004D355F /* Sources */ = {
			isa = PBXSourcesBuildPhase;
			buildActionMask = 2147483647;
			files = (
				9DAFCD232226633400B2F859 /* HomePageViewController.swift in Sources */,
				9DB96B8A22040D0E004D355F /* ViewController.swift in Sources */,
				9DB96B8822040D0E004D355F /* AppDelegate.swift in Sources */,
				9DAFCD292226651100B2F859 /* MainViewController.swift in Sources */,
				9DAFCD272226643F00B2F859 /* NavViewController.swift in Sources */,
				9DAFCD252226637400B2F859 /* MineViewController.swift in Sources */,
			);
			runOnlyForDeploymentPostprocessing = 0;
		};
		9DB96B9422040D10004D355F /* Sources */ = {
			isa = PBXSourcesBuildPhase;
			buildActionMask = 2147483647;
			files = (
				9DB96B9D22040D10004D355F /* SFrameworkTests.swift in Sources */,
			);
			runOnlyForDeploymentPostprocessing = 0;
		};
		9DB96B9F22040D10004D355F /* Sources */ = {
			isa = PBXSourcesBuildPhase;
			buildActionMask = 2147483647;
			files = (
				9DB96BA822040D10004D355F /* SFrameworkUITests.swift in Sources */,
			);
			runOnlyForDeploymentPostprocessing = 0;
		};
/* End PBXSourcesBuildPhase section */

/* Begin PBXTargetDependency section */
		9DB96B9A22040D10004D355F /* PBXTargetDependency */ = {
			isa = PBXTargetDependency;
			target = 9DB96B8322040D0E004D355F /* SFramework */;
			targetProxy = 9DB96B9922040D10004D355F /* PBXContainerItemProxy */;
		};
		9DB96BA522040D10004D355F /* PBXTargetDependency */ = {
			isa = PBXTargetDependency;
			target = 9DB96B8322040D0E004D355F /* SFramework */;
			targetProxy = 9DB96BA422040D10004D355F /* PBXContainerItemProxy */;
		};
/* End PBXTargetDependency section */

/* Begin PBXVariantGroup section */
		9DB96B8B22040D0E004D355F /* Main.storyboard */ = {
			isa = PBXVariantGroup;
			children = (
				9DB96B8C22040D0E004D355F /* Base */,
			);
			name = Main.storyboard;
			sourceTree = "<group>";
		};
		9DB96B9022040D10004D355F /* LaunchScreen.storyboard */ = {
			isa = PBXVariantGroup;
			children = (
				9DB96B9122040D10004D355F /* Base */,
			);
			name = LaunchScreen.storyboard;
			sourceTree = "<group>";
		};
/* End PBXVariantGroup section */

/* Begin XCBuildConfiguration section */
		9DB96BAA22040D10004D355F /* Debug */ = {
			isa = XCBuildConfiguration;
			buildSettings = {
				ALWAYS_SEARCH_USER_PATHS = NO;
				CLANG_ANALYZER_NONNULL = YES;
				CLANG_ANALYZER_NUMBER_OBJECT_CONVERSION = YES_AGGRESSIVE;
				CLANG_CXX_LANGUAGE_STANDARD = "gnu++14";
				CLANG_CXX_LIBRARY = "libc++";
				CLANG_ENABLE_MODULES = YES;
				CLANG_ENABLE_OBJC_ARC = YES;
				CLANG_ENABLE_OBJC_WEAK = YES;
				CLANG_WARN_BLOCK_CAPTURE_AUTORELEASING = YES;
				CLANG_WARN_BOOL_CONVERSION = YES;
				CLANG_WARN_COMMA = YES;
				CLANG_WARN_CONSTANT_CONVERSION = YES;
				CLANG_WARN_DEPRECATED_OBJC_IMPLEMENTATIONS = YES;
				CLANG_WARN_DIRECT_OBJC_ISA_USAGE = YES_ERROR;
				CLANG_WARN_DOCUMENTATION_COMMENTS = YES;
				CLANG_WARN_EMPTY_BODY = YES;
				CLANG_WARN_ENUM_CONVERSION = YES;
				CLANG_WARN_INFINITE_RECURSION = YES;
				CLANG_WARN_INT_CONVERSION = YES;
				CLANG_WARN_NON_LITERAL_NULL_CONVERSION = YES;
				CLANG_WARN_OBJC_IMPLICIT_RETAIN_SELF = YES;
				CLANG_WARN_OBJC_LITERAL_CONVERSION = YES;
				CLANG_WARN_OBJC_ROOT_CLASS = YES_ERROR;
				CLANG_WARN_RANGE_LOOP_ANALYSIS = YES;
				CLANG_WARN_STRICT_PROTOTYPES = YES;
				CLANG_WARN_SUSPICIOUS_MOVE = YES;
				CLANG_WARN_UNGUARDED_AVAILABILITY = YES_AGGRESSIVE;
				CLANG_WARN_UNREACHABLE_CODE = YES;
				CLANG_WARN__DUPLICATE_METHOD_MATCH = YES;
				CODE_SIGN_IDENTITY = "iPhone Developer";
				COPY_PHASE_STRIP = NO;
				DEBUG_INFORMATION_FORMAT = dwarf;
				ENABLE_STRICT_OBJC_MSGSEND = YES;
				ENABLE_TESTABILITY = YES;
				GCC_C_LANGUAGE_STANDARD = gnu11;
				GCC_DYNAMIC_NO_PIC = NO;
				GCC_NO_COMMON_BLOCKS = YES;
				GCC_OPTIMIZATION_LEVEL = 0;
				GCC_PREPROCESSOR_DEFINITIONS = (
					"DEBUG=1",
					"$(inherited)",
				);
				GCC_WARN_64_TO_32_BIT_CONVERSION = YES;
				GCC_WARN_ABOUT_RETURN_TYPE = YES_ERROR;
				GCC_WARN_UNDECLARED_SELECTOR = YES;
				GCC_WARN_UNINITIALIZED_AUTOS = YES_AGGRESSIVE;
				GCC_WARN_UNUSED_FUNCTION = YES;
				GCC_WARN_UNUSED_VARIABLE = YES;
				IPHONEOS_DEPLOYMENT_TARGET = 12.1;
				MTL_ENABLE_DEBUG_INFO = INCLUDE_SOURCE;
				MTL_FAST_MATH = YES;
				ONLY_ACTIVE_ARCH = YES;
				SDKROOT = iphoneos;
				SWIFT_ACTIVE_COMPILATION_CONDITIONS = DEBUG;
				SWIFT_OPTIMIZATION_LEVEL = "-Onone";
			};
			name = Debug;
		};
		9DB96BAB22040D10004D355F /* Release */ = {
			isa = XCBuildConfiguration;
			buildSettings = {
				ALWAYS_SEARCH_USER_PATHS = NO;
				CLANG_ANALYZER_NONNULL = YES;
				CLANG_ANALYZER_NUMBER_OBJECT_CONVERSION = YES_AGGRESSIVE;
				CLANG_CXX_LANGUAGE_STANDARD = "gnu++14";
				CLANG_CXX_LIBRARY = "libc++";
				CLANG_ENABLE_MODULES = YES;
				CLANG_ENABLE_OBJC_ARC = YES;
				CLANG_ENABLE_OBJC_WEAK = YES;
				CLANG_WARN_BLOCK_CAPTURE_AUTORELEASING = YES;
				CLANG_WARN_BOOL_CONVERSION = YES;
				CLANG_WARN_COMMA = YES;
				CLANG_WARN_CONSTANT_CONVERSION = YES;
				CLANG_WARN_DEPRECATED_OBJC_IMPLEMENTATIONS = YES;
				CLANG_WARN_DIRECT_OBJC_ISA_USAGE = YES_ERROR;
				CLANG_WARN_DOCUMENTATION_COMMENTS = YES;
				CLANG_WARN_EMPTY_BODY = YES;
				CLANG_WARN_ENUM_CONVERSION = YES;
				CLANG_WARN_INFINITE_RECURSION = YES;
				CLANG_WARN_INT_CONVERSION = YES;
				CLANG_WARN_NON_LITERAL_NULL_CONVERSION = YES;
				CLANG_WARN_OBJC_IMPLICIT_RETAIN_SELF = YES;
				CLANG_WARN_OBJC_LITERAL_CONVERSION = YES;
				CLANG_WARN_OBJC_ROOT_CLASS = YES_ERROR;
				CLANG_WARN_RANGE_LOOP_ANALYSIS = YES;
				CLANG_WARN_STRICT_PROTOTYPES = YES;
				CLANG_WARN_SUSPICIOUS_MOVE = YES;
				CLANG_WARN_UNGUARDED_AVAILABILITY = YES_AGGRESSIVE;
				CLANG_WARN_UNREACHABLE_CODE = YES;
				CLANG_WARN__DUPLICATE_METHOD_MATCH = YES;
				CODE_SIGN_IDENTITY = "iPhone Developer";
				COPY_PHASE_STRIP = NO;
				DEBUG_INFORMATION_FORMAT = "dwarf-with-dsym";
				ENABLE_NS_ASSERTIONS = NO;
				ENABLE_STRICT_OBJC_MSGSEND = YES;
				GCC_C_LANGUAGE_STANDARD = gnu11;
				GCC_NO_COMMON_BLOCKS = YES;
				GCC_WARN_64_TO_32_BIT_CONVERSION = YES;
				GCC_WARN_ABOUT_RETURN_TYPE = YES_ERROR;
				GCC_WARN_UNDECLARED_SELECTOR = YES;
				GCC_WARN_UNINITIALIZED_AUTOS = YES_AGGRESSIVE;
				GCC_WARN_UNUSED_FUNCTION = YES;
				GCC_WARN_UNUSED_VARIABLE = YES;
				IPHONEOS_DEPLOYMENT_TARGET = 12.1;
				MTL_ENABLE_DEBUG_INFO = NO;
				MTL_FAST_MATH = YES;
				SDKROOT = iphoneos;
				SWIFT_COMPILATION_MODE = wholemodule;
				SWIFT_OPTIMIZATION_LEVEL = "-O";
				VALIDATE_PRODUCT = YES;
			};
			name = Release;
		};
		9DB96BAD22040D10004D355F /* Debug */ = {
			isa = XCBuildConfiguration;
			baseConfigurationReference = E8123067F7193B4E74382356 /* Pods-SFramework.debug.xcconfig */;
			buildSettings = {
				ASSETCATALOG_COMPILER_APPICON_NAME = AppIcon;
				CODE_SIGN_STYLE = Automatic;
				INFOPLIST_FILE = SFramework/Info.plist;
				IPHONEOS_DEPLOYMENT_TARGET = 9.0;
				LD_RUNPATH_SEARCH_PATHS = (
					"$(inherited)",
					"@executable_path/Frameworks",
				);
				PRODUCT_BUNDLE_IDENTIFIER = com.index.SFramework;
				PRODUCT_NAME = "$(TARGET_NAME)";
				SWIFT_VERSION = 4.2;
				TARGETED_DEVICE_FAMILY = "1,2";
			};
			name = Debug;
		};
		9DB96BAE22040D10004D355F /* Release */ = {
			isa = XCBuildConfiguration;
			baseConfigurationReference = C4B917155BCA0DEDA308DC45 /* Pods-SFramework.release.xcconfig */;
			buildSettings = {
				ASSETCATALOG_COMPILER_APPICON_NAME = AppIcon;
				CODE_SIGN_STYLE = Automatic;
				INFOPLIST_FILE = SFramework/Info.plist;
				IPHONEOS_DEPLOYMENT_TARGET = 9.0;
				LD_RUNPATH_SEARCH_PATHS = (
					"$(inherited)",
					"@executable_path/Frameworks",
				);
				PRODUCT_BUNDLE_IDENTIFIER = com.index.SFramework;
				PRODUCT_NAME = "$(TARGET_NAME)";
				SWIFT_VERSION = 4.2;
				TARGETED_DEVICE_FAMILY = "1,2";
			};
			name = Release;
		};
		9DB96BB022040D10004D355F /* Debug */ = {
			isa = XCBuildConfiguration;
			baseConfigurationReference = BFD9BE3F859B4B780985CC6D /* Pods-SFrameworkTests.debug.xcconfig */;
			buildSettings = {
				ALWAYS_EMBED_SWIFT_STANDARD_LIBRARIES = YES;
				BUNDLE_LOADER = "$(TEST_HOST)";
				CODE_SIGN_STYLE = Automatic;
				INFOPLIST_FILE = SFrameworkTests/Info.plist;
				LD_RUNPATH_SEARCH_PATHS = (
					"$(inherited)",
					"@executable_path/Frameworks",
					"@loader_path/Frameworks",
				);
				PRODUCT_BUNDLE_IDENTIFIER = com.index.SFrameworkTests;
				PRODUCT_NAME = "$(TARGET_NAME)";
				SWIFT_VERSION = 4.2;
				TARGETED_DEVICE_FAMILY = "1,2";
				TEST_HOST = "$(BUILT_PRODUCTS_DIR)/SFramework.app/SFramework";
			};
			name = Debug;
		};
		9DB96BB122040D10004D355F /* Release */ = {
			isa = XCBuildConfiguration;
			baseConfigurationReference = DB477E1ABB6D505720D07B30 /* Pods-SFrameworkTests.release.xcconfig */;
			buildSettings = {
				ALWAYS_EMBED_SWIFT_STANDARD_LIBRARIES = YES;
				BUNDLE_LOADER = "$(TEST_HOST)";
				CODE_SIGN_STYLE = Automatic;
				INFOPLIST_FILE = SFrameworkTests/Info.plist;
				LD_RUNPATH_SEARCH_PATHS = (
					"$(inherited)",
					"@executable_path/Frameworks",
					"@loader_path/Frameworks",
				);
				PRODUCT_BUNDLE_IDENTIFIER = com.index.SFrameworkTests;
				PRODUCT_NAME = "$(TARGET_NAME)";
				SWIFT_VERSION = 4.2;
				TARGETED_DEVICE_FAMILY = "1,2";
				TEST_HOST = "$(BUILT_PRODUCTS_DIR)/SFramework.app/SFramework";
			};
			name = Release;
		};
		9DB96BB322040D10004D355F /* Debug */ = {
			isa = XCBuildConfiguration;
			baseConfigurationReference = 008DF80A74FEB4C6698433AB /* Pods-SFrameworkUITests.debug.xcconfig */;
			buildSettings = {
				ALWAYS_EMBED_SWIFT_STANDARD_LIBRARIES = YES;
				CODE_SIGN_STYLE = Automatic;
				INFOPLIST_FILE = SFrameworkUITests/Info.plist;
				LD_RUNPATH_SEARCH_PATHS = (
					"$(inherited)",
					"@executable_path/Frameworks",
					"@loader_path/Frameworks",
				);
				PRODUCT_BUNDLE_IDENTIFIER = com.index.SFrameworkUITests;
				PRODUCT_NAME = "$(TARGET_NAME)";
				SWIFT_VERSION = 4.2;
				TARGETED_DEVICE_FAMILY = "1,2";
				TEST_TARGET_NAME = SFramework;
			};
			name = Debug;
		};
		9DB96BB422040D10004D355F /* Release */ = {
			isa = XCBuildConfiguration;
			baseConfigurationReference = E96558C63C0E2CAF50699F3E /* Pods-SFrameworkUITests.release.xcconfig */;
			buildSettings = {
				ALWAYS_EMBED_SWIFT_STANDARD_LIBRARIES = YES;
				CODE_SIGN_STYLE = Automatic;
				INFOPLIST_FILE = SFrameworkUITests/Info.plist;
				LD_RUNPATH_SEARCH_PATHS = (
					"$(inherited)",
					"@executable_path/Frameworks",
					"@loader_path/Frameworks",
				);
				PRODUCT_BUNDLE_IDENTIFIER = com.index.SFrameworkUITests;
				PRODUCT_NAME = "$(TARGET_NAME)";
				SWIFT_VERSION = 4.2;
				TARGETED_DEVICE_FAMILY = "1,2";
				TEST_TARGET_NAME = SFramework;
			};
			name = Release;
		};
/* End XCBuildConfiguration section */

/* Begin XCConfigurationList section */
		9DB96B7F22040D0E004D355F /* Build configuration list for PBXProject "SFramework" */ = {
			isa = XCConfigurationList;
			buildConfigurations = (
				9DB96BAA22040D10004D355F /* Debug */,
				9DB96BAB22040D10004D355F /* Release */,
			);
			defaultConfigurationIsVisible = 0;
			defaultConfigurationName = Release;
		};
		9DB96BAC22040D10004D355F /* Build configuration list for PBXNativeTarget "SFramework" */ = {
			isa = XCConfigurationList;
			buildConfigurations = (
				9DB96BAD22040D10004D355F /* Debug */,
				9DB96BAE22040D10004D355F /* Release */,
			);
			defaultConfigurationIsVisible = 0;
			defaultConfigurationName = Release;
		};
		9DB96BAF22040D10004D355F /* Build configuration list for PBXNativeTarget "SFrameworkTests" */ = {
			isa = XCConfigurationList;
			buildConfigurations = (
				9DB96BB022040D10004D355F /* Debug */,
				9DB96BB122040D10004D355F /* Release */,
			);
			defaultConfigurationIsVisible = 0;
			defaultConfigurationName = Release;
		};
		9DB96BB222040D10004D355F /* Build configuration list for PBXNativeTarget "SFrameworkUITests" */ = {
			isa = XCConfigurationList;
			buildConfigurations = (
				9DB96BB322040D10004D355F /* Debug */,
				9DB96BB422040D10004D355F /* Release */,
			);
			defaultConfigurationIsVisible = 0;
			defaultConfigurationName = Release;
		};
/* End XCConfigurationList section */
	};
	rootObject = 9DB96B7C22040D0E004D355F /* Project object */;
}
